
Microsoft Visual Studio Solution File, Format Version 12.00
# Visual Studio Version 17
VisualStudioVersion = 17.0.32126.317
MinimumVisualStudioVersion = 10.0.40219.1
Project("{FAE04EC0-301F-11D3-BF4B-00C04F79EFBC}") = "Exercico Banco", "Exercico Banco\Exercico Banco.csproj", "{78F2859B-32B4-4CE8-97EC-F1F0E2597166}"
EndProject
Global
	GlobalSection(SolutionConfigurationPlatforms) = preSolution
		Debug|Any CPU = Debug|Any CPU
		Release|Any CPU = Release|Any CPU
	EndGlobalSection
	GlobalSection(ProjectConfigurationPlatforms) = postSolution
		{78F2859B-32B4-4CE8-97EC-F1F0E2597166}.Debug|Any CPU.ActiveCfg = Debug|Any CPU
		{78F2859B-32B4-4CE8-97EC-F1F0E2597166}.Debug|Any CPU.Build.0 = Debug|Any CPU
		{78F2859B-32B4-4CE8-97EC-F1F0E2597166}.Release|Any CPU.ActiveCfg = Release|Any CPU
		{78F2859B-32B4-4CE8-97EC-F1F0E2597166}.Release|Any CPU.Build.0 = Release|Any CPU
	EndGlobalSection
	GlobalSection(SolutionProperties) = preSolution
		HideSolutionNode = FALSE
	EndGlobalSection
	GlobalSection(ExtensibilityGlobals) = postSolution
		SolutionGuid = {EB03DCD3-126E-4F00-9D6E-EEBE636D5BEA}
	EndGlobalSection
EndGlobal
